{
  "originHash" : "46596a43d03e6085f4b88b1c2398fe374bca8c3142b50ed085c88f2996f9e9ea",
  "pins" : [
    {
      "identity" : "jsonlddecoder",
      "kind" : "remoteSourceControl",
      "location" : "https://github.com/Ausra/JSONLDDecoder.git",
      "state" : {
        "revision" : "7ac23d3d957df5fd98745e5469071d93835d8d12",
        "version" : "1.0.9"
      }
    },
    {
      "identity" : "recipescraper",
      "kind" : "remoteSourceControl",
      "location" : "https://github.com/Ausra/RecipeScraper.git",
      "state" : {
        "revision" : "9b7b22b9cc56d51bd642059fd2f23de317c031f2",
        "version" : "1.0.6"
      }
    },
    {
      "identity" : "swiftsoup",
      "kind" : "remoteSourceControl",
      "location" : "https://github.com/scinfu/SwiftSoup.git",
      "state" : {
        "revision" : "028487d4a8a291b2fe1b4392b5425b6172056148",
        "version" : "2.7.2"
      }
    }
  ],
  "version" : 3
}
